
Microsoft Visual Studio Solution File, Format Version 12.00
# Visual Studio Version 16
VisualStudioVersion = 16.0.31229.75
MinimumVisualStudioVersion = 10.0.40219.1
Project("{FAE04EC0-301F-11D3-BF4B-00C04F79EFBC}") = "Balkezesek", "Balkezesek\Balkezesek.csproj", "{9B843B1D-3517-4911-AD49-33495563464B}"
EndProject
Global
	GlobalSection(SolutionConfigurationPlatforms) = preSolution
		Debug|Any CPU = Debug|Any CPU
		Release|Any CPU = Release|Any CPU
	EndGlobalSection
	GlobalSection(ProjectConfigurationPlatforms) = postSolution
		{9B843B1D-3517-4911-AD49-33495563464B}.Debug|Any CPU.ActiveCfg = Debug|Any CPU
		{9B843B1D-3517-4911-AD49-33495563464B}.Debug|Any CPU.Build.0 = Debug|Any CPU
		{9B843B1D-3517-4911-AD49-33495563464B}.Release|Any CPU.ActiveCfg = Release|Any CPU
		{9B843B1D-3517-4911-AD49-33495563464B}.Release|Any CPU.Build.0 = Release|Any CPU
	EndGlobalSection
	GlobalSection(SolutionProperties) = preSolution
		HideSolutionNode = FALSE
	EndGlobalSection
	GlobalSection(ExtensibilityGlobals) = postSolution
		SolutionGuid = {8C234916-EA74-41AC-AE73-2862F7C86599}
	EndGlobalSection
EndGlobal
